
Microsoft Visual Studio Solution File, Format Version 12.00
# Visual Studio Version 16
VisualStudioVersion = 16.0.29209.62
MinimumVisualStudioVersion = 10.0.40219.1
Project("{FAE04EC0-301F-11D3-BF4B-00C04F79EFBC}") = "MealPlan", "MealPlan.csproj", "{5E8FA1CC-5B36-4FA9-8FE1-5C5B00EB80EE}"
EndProject
Global
	GlobalSection(SolutionConfigurationPlatforms) = preSolution
		Debug|Any CPU = Debug|Any CPU
		Release|Any CPU = Release|Any CPU
	EndGlobalSection
	GlobalSection(ProjectConfigurationPlatforms) = postSolution
		{5E8FA1CC-5B36-4FA9-8FE1-5C5B00EB80EE}.Debug|Any CPU.ActiveCfg = Debug|Any CPU
		{5E8FA1CC-5B36-4FA9-8FE1-5C5B00EB80EE}.Debug|Any CPU.Build.0 = Debug|Any CPU
		{5E8FA1CC-5B36-4FA9-8FE1-5C5B00EB80EE}.Release|Any CPU.ActiveCfg = Release|Any CPU
		{5E8FA1CC-5B36-4FA9-8FE1-5C5B00EB80EE}.Release|Any CPU.Build.0 = Release|Any CPU
	EndGlobalSection
	GlobalSection(SolutionProperties) = preSolution
		HideSolutionNode = FALSE
	EndGlobalSection
	GlobalSection(ExtensibilityGlobals) = postSolution
		SolutionGuid = {2BC7DB1D-2E89-417E-9766-46EB4D0445C6}
	EndGlobalSection
EndGlobal
